// !$*UTF8*$!
{
	archiveVersion = 1;
	classes = {
	};
	objectVersion = 55;
	objects = {

/* Begin PBXBuildFile section */
		C92ACBD0283FCBDB007DCC6A /* AlertBuilder.swift in Sources */ = {isa = PBXBuildFile; fileRef = C92ACBCF283FCBDB007DCC6A /* AlertBuilder.swift */; };
		C92ACBD3283FD258007DCC6A /* UIImageViewExtended.swift in Sources */ = {isa = PBXBuildFile; fileRef = C92ACBD2283FD258007DCC6A /* UIImageViewExtended.swift */; };
		C92ACBD5283FD3AC007DCC6A /* WeatherDetail.swift in Sources */ = {isa = PBXBuildFile; fileRef = C92ACBD4283FD3AC007DCC6A /* WeatherDetail.swift */; };
		C93DDB52283DCB8E00D0EB55 /* AppDelegate.swift in Sources */ = {isa = PBXBuildFile; fileRef = C93DDB51283DCB8E00D0EB55 /* AppDelegate.swift */; };
		C93DDB54283DCB8E00D0EB55 /* SceneDelegate.swift in Sources */ = {isa = PBXBuildFile; fileRef = C93DDB53283DCB8E00D0EB55 /* SceneDelegate.swift */; };
		C93DDB56283DCB8E00D0EB55 /* ForecastViewController.swift in Sources */ = {isa = PBXBuildFile; fileRef = C93DDB55283DCB8E00D0EB55 /* ForecastViewController.swift */; };
		C93DDB59283DCB8E00D0EB55 /* Main.storyboard in Resources */ = {isa = PBXBuildFile; fileRef = C93DDB57283DCB8E00D0EB55 /* Main.storyboard */; };
		C93DDB5B283DCB8F00D0EB55 /* Assets.xcassets in Resources */ = {isa = PBXBuildFile; fileRef = C93DDB5A283DCB8F00D0EB55 /* Assets.xcassets */; };
		C93DDB5E283DCB8F00D0EB55 /* LaunchScreen.storyboard in Resources */ = {isa = PBXBuildFile; fileRef = C93DDB5C283DCB8F00D0EB55 /* LaunchScreen.storyboard */; };
		C93DDB6E283DCD1000D0EB55 /* ForecastItem.swift in Sources */ = {isa = PBXBuildFile; fileRef = C93DDB6D283DCD1000D0EB55 /* ForecastItem.swift */; };
		C93DDB70283DD28600D0EB55 /* Forecast.swift in Sources */ = {isa = PBXBuildFile; fileRef = C93DDB6F283DD28600D0EB55 /* Forecast.swift */; };
		C93DDB76283DD4B200D0EB55 /* WeatherService.swift in Sources */ = {isa = PBXBuildFile; fileRef = C93DDB75283DD4B200D0EB55 /* WeatherService.swift */; };
		C93DDB79283DDA5200D0EB55 /* APIClient.swift in Sources */ = {isa = PBXBuildFile; fileRef = C93DDB78283DDA5200D0EB55 /* APIClient.swift */; };
		C9EC7AE9283EF8DE00BEE13D /* ForecastCell.swift in Sources */ = {isa = PBXBuildFile; fileRef = C9EC7AE8283EF8DE00BEE13D /* ForecastCell.swift */; };
		C9EC7AEB283F03C400BEE13D /* DateUtils.swift in Sources */ = {isa = PBXBuildFile; fileRef = C9EC7AEA283F03C400BEE13D /* DateUtils.swift */; };
		C9EC7AED283F051800BEE13D /* LocationService.swift in Sources */ = {isa = PBXBuildFile; fileRef = C9EC7AEC283F051800BEE13D /* LocationService.swift */; };
		C9EC7AEF283F054400BEE13D /* Location.swift in Sources */ = {isa = PBXBuildFile; fileRef = C9EC7AEE283F054400BEE13D /* Location.swift */; };
		C9EC7AF2283F0B8200BEE13D /* LocationViewController.swift in Sources */ = {isa = PBXBuildFile; fileRef = C9EC7AF1283F0B8200BEE13D /* LocationViewController.swift */; };
		C9EC7AF4283FB7FD00BEE13D /* LocationCell.swift in Sources */ = {isa = PBXBuildFile; fileRef = C9EC7AF3283FB7FD00BEE13D /* LocationCell.swift */; };
		C9F7F2EF283EA771008D5F8D /* WeatherItem.swift in Sources */ = {isa = PBXBuildFile; fileRef = C9F7F2EE283EA771008D5F8D /* WeatherItem.swift */; };
/* End PBXBuildFile section */

/* Begin PBXFileReference section */
		C92ACBCF283FCBDB007DCC6A /* AlertBuilder.swift */ = {isa = PBXFileReference; lastKnownFileType = sourcecode.swift; path = AlertBuilder.swift; sourceTree = "<group>"; };
		C92ACBD2283FD258007DCC6A /* UIImageViewExtended.swift */ = {isa = PBXFileReference; lastKnownFileType = sourcecode.swift; path = UIImageViewExtended.swift; sourceTree = "<group>"; };
		C92ACBD4283FD3AC007DCC6A /* WeatherDetail.swift */ = {isa = PBXFileReference; lastKnownFileType = sourcecode.swift; path = WeatherDetail.swift; sourceTree = "<group>"; };
		C93DDB4E283DCB8E00D0EB55 /* SwiftWeather.app */ = {isa = PBXFileReference; explicitFileType = wrapper.application; includeInIndex = 0; path = SwiftWeather.app; sourceTree = BUILT_PRODUCTS_DIR; };
		C93DDB51283DCB8E00D0EB55 /* AppDelegate.swift */ = {isa = PBXFileReference; lastKnownFileType = sourcecode.swift; path = AppDelegate.swift; sourceTree = "<group>"; };
		C93DDB53283DCB8E00D0EB55 /* SceneDelegate.swift */ = {isa = PBXFileReference; lastKnownFileType = sourcecode.swift; path = SceneDelegate.swift; sourceTree = "<group>"; };
		C93DDB55283DCB8E00D0EB55 /* ForecastViewController.swift */ = {isa = PBXFileReference; lastKnownFileType = sourcecode.swift; path = ForecastViewController.swift; sourceTree = "<group>"; };
		C93DDB58283DCB8E00D0EB55 /* Base */ = {isa = PBXFileReference; lastKnownFileType = file.storyboard; name = Base; path = Base.lproj/Main.storyboard; sourceTree = "<group>"; };
		C93DDB5A283DCB8F00D0EB55 /* Assets.xcassets */ = {isa = PBXFileReference; lastKnownFileType = folder.assetcatalog; path = Assets.xcassets; sourceTree = "<group>"; };
		C93DDB5D283DCB8F00D0EB55 /* Base */ = {isa = PBXFileReference; lastKnownFileType = file.storyboard; name = Base; path = Base.lproj/LaunchScreen.storyboard; sourceTree = "<group>"; };
		C93DDB5F283DCB8F00D0EB55 /* Info.plist */ = {isa = PBXFileReference; lastKnownFileType = text.plist.xml; path = Info.plist; sourceTree = "<group>"; };
		C93DDB6D283DCD1000D0EB55 /* ForecastItem.swift */ = {isa = PBXFileReference; lastKnownFileType = sourcecode.swift; path = ForecastItem.swift; sourceTree = "<group>"; };
		C93DDB6F283DD28600D0EB55 /* Forecast.swift */ = {isa = PBXFileReference; lastKnownFileType = sourcecode.swift; path = Forecast.swift; sourceTree = "<group>"; };
		C93DDB75283DD4B200D0EB55 /* WeatherService.swift */ = {isa = PBXFileReference; lastKnownFileType = sourcecode.swift; path = WeatherService.swift; sourceTree = "<group>"; };
		C93DDB78283DDA5200D0EB55 /* APIClient.swift */ = {isa = PBXFileReference; lastKnownFileType = sourcecode.swift; path = APIClient.swift; sourceTree = "<group>"; };
		C9EC7AE8283EF8DE00BEE13D /* ForecastCell.swift */ = {isa = PBXFileReference; lastKnownFileType = sourcecode.swift; path = ForecastCell.swift; sourceTree = "<group>"; };
		C9EC7AEA283F03C400BEE13D /* DateUtils.swift */ = {isa = PBXFileReference; lastKnownFileType = sourcecode.swift; path = DateUtils.swift; sourceTree = "<group>"; };
		C9EC7AEC283F051800BEE13D /* LocationService.swift */ = {isa = PBXFileReference; lastKnownFileType = sourcecode.swift; path = LocationService.swift; sourceTree = "<group>"; };
		C9EC7AEE283F054400BEE13D /* Location.swift */ = {isa = PBXFileReference; lastKnownFileType = sourcecode.swift; path = Location.swift; sourceTree = "<group>"; };
		C9EC7AF1283F0B8200BEE13D /* LocationViewController.swift */ = {isa = PBXFileReference; lastKnownFileType = sourcecode.swift; path = LocationViewController.swift; sourceTree = "<group>"; };
		C9EC7AF3283FB7FD00BEE13D /* LocationCell.swift */ = {isa = PBXFileReference; lastKnownFileType = sourcecode.swift; path = LocationCell.swift; sourceTree = "<group>"; };
		C9EC7AF6283FC49700BEE13D /* APIConfig.xcconfig */ = {isa = PBXFileReference; lastKnownFileType = text.xcconfig; path = APIConfig.xcconfig; sourceTree = "<group>"; };
		C9F7F2EE283EA771008D5F8D /* WeatherItem.swift */ = {isa = PBXFileReference; lastKnownFileType = sourcecode.swift; path = WeatherItem.swift; sourceTree = "<group>"; };
/* End PBXFileReference section */

/* Begin PBXFrameworksBuildPhase section */
		C93DDB4B283DCB8E00D0EB55 /* Frameworks */ = {
			isa = PBXFrameworksBuildPhase;
			buildActionMask = 2147483647;
			files = (
			);
			runOnlyForDeploymentPostprocessing = 0;
		};
/* End PBXFrameworksBuildPhase section */

/* Begin PBXGroup section */
		C92ACBD1283FD249007DCC6A /* Extensions */ = {
			isa = PBXGroup;
			children = (
				C92ACBD2283FD258007DCC6A /* UIImageViewExtended.swift */,
			);
			path = Extensions;
			sourceTree = "<group>";
		};
		C93DDB45283DCB8E00D0EB55 = {
			isa = PBXGroup;
			children = (
				C93DDB50283DCB8E00D0EB55 /* SwiftWeather */,
				C93DDB4F283DCB8E00D0EB55 /* Products */,
			);
			sourceTree = "<group>";
		};
		C93DDB4F283DCB8E00D0EB55 /* Products */ = {
			isa = PBXGroup;
			children = (
				C93DDB4E283DCB8E00D0EB55 /* SwiftWeather.app */,
			);
			name = Products;
			sourceTree = "<group>";
		};
		C93DDB50283DCB8E00D0EB55 /* SwiftWeather */ = {
			isa = PBXGroup;
			children = (
				C9EC7AE4283EF88100BEE13D /* Pages */,
				C93DDB6B283DCCFA00D0EB55 /* Shared */,
				C93DDB51283DCB8E00D0EB55 /* AppDelegate.swift */,
				C93DDB53283DCB8E00D0EB55 /* SceneDelegate.swift */,
				C93DDB57283DCB8E00D0EB55 /* Main.storyboard */,
				C93DDB5A283DCB8F00D0EB55 /* Assets.xcassets */,
				C93DDB5C283DCB8F00D0EB55 /* LaunchScreen.storyboard */,
				C93DDB5F283DCB8F00D0EB55 /* Info.plist */,
				C9EC7AF6283FC49700BEE13D /* APIConfig.xcconfig */,
			);
			path = SwiftWeather;
			sourceTree = "<group>";
		};
		C93DDB6B283DCCFA00D0EB55 /* Shared */ = {
			isa = PBXGroup;
			children = (
				C92ACBD1283FD249007DCC6A /* Extensions */,
				C93DDB77283DDA4400D0EB55 /* Utils */,
				C93DDB74283DD4A500D0EB55 /* Services */,
				C93DDB6C283DCD0000D0EB55 /* Models */,
			);
			path = Shared;
			sourceTree = "<group>";
		};
		C93DDB6C283DCD0000D0EB55 /* Models */ = {
			isa = PBXGroup;
			children = (
				C93DDB6D283DCD1000D0EB55 /* ForecastItem.swift */,
				C93DDB6F283DD28600D0EB55 /* Forecast.swift */,
				C9F7F2EE283EA771008D5F8D /* WeatherItem.swift */,
				C9EC7AEE283F054400BEE13D /* Location.swift */,
				C92ACBD4283FD3AC007DCC6A /* WeatherDetail.swift */,
			);
			path = Models;
			sourceTree = "<group>";
		};
		C93DDB74283DD4A500D0EB55 /* Services */ = {
			isa = PBXGroup;
			children = (
				C93DDB75283DD4B200D0EB55 /* WeatherService.swift */,
				C9EC7AEC283F051800BEE13D /* LocationService.swift */,
			);
			path = Services;
			sourceTree = "<group>";
		};
		C93DDB77283DDA4400D0EB55 /* Utils */ = {
			isa = PBXGroup;
			children = (
				C93DDB78283DDA5200D0EB55 /* APIClient.swift */,
				C9EC7AEA283F03C400BEE13D /* DateUtils.swift */,
				C92ACBCF283FCBDB007DCC6A /* AlertBuilder.swift */,
			);
			path = Utils;
			sourceTree = "<group>";
		};
		C9EC7AE4283EF88100BEE13D /* Pages */ = {
			isa = PBXGroup;
			children = (
				C9EC7AF0283F0B6A00BEE13D /* Location */,
				C9EC7AE5283EF88500BEE13D /* Forecast */,
			);
			path = Pages;
			sourceTree = "<group>";
		};
		C9EC7AE5283EF88500BEE13D /* Forecast */ = {
			isa = PBXGroup;
			children = (
				C93DDB55283DCB8E00D0EB55 /* ForecastViewController.swift */,
				C9EC7AE8283EF8DE00BEE13D /* ForecastCell.swift */,
			);
			path = Forecast;
			sourceTree = "<group>";
		};
		C9EC7AF0283F0B6A00BEE13D /* Location */ = {
			isa = PBXGroup;
			children = (
				C9EC7AF1283F0B8200BEE13D /* LocationViewController.swift */,
				C9EC7AF3283FB7FD00BEE13D /* LocationCell.swift */,
			);
			path = Location;
			sourceTree = "<group>";
		};
/* End PBXGroup section */

/* Begin PBXNativeTarget section */
		C93DDB4D283DCB8E00D0EB55 /* SwiftWeather */ = {
			isa = PBXNativeTarget;
			buildConfigurationList = C93DDB62283DCB8F00D0EB55 /* Build configuration list for PBXNativeTarget "SwiftWeather" */;
			buildPhases = (
				C93DDB4A283DCB8E00D0EB55 /* Sources */,
				C93DDB4B283DCB8E00D0EB55 /* Frameworks */,
				C93DDB4C283DCB8E00D0EB55 /* Resources */,
			);
			buildRules = (
			);
			dependencies = (
			);
			name = SwiftWeather;
			packageProductDependencies = (
			);
			productName = SwiftWeather;
			productReference = C93DDB4E283DCB8E00D0EB55 /* SwiftWeather.app */;
			productType = "com.apple.product-type.application";
		};
/* End PBXNativeTarget section */

/* Begin PBXProject section */
		C93DDB46283DCB8E00D0EB55 /* Project object */ = {
			isa = PBXProject;
			attributes = {
				BuildIndependentTargetsInParallel = 1;
				LastSwiftUpdateCheck = 1340;
				LastUpgradeCheck = 1340;
				TargetAttributes = {
					C93DDB4D283DCB8E00D0EB55 = {
						CreatedOnToolsVersion = 13.4;
					};
				};
			};
			buildConfigurationList = C93DDB49283DCB8E00D0EB55 /* Build configuration list for PBXProject "SwiftWeather" */;
			compatibilityVersion = "Xcode 13.0";
			developmentRegion = en;
			hasScannedForEncodings = 0;
			knownRegions = (
				en,
				Base,
			);
			mainGroup = C93DDB45283DCB8E00D0EB55;
			packageReferences = (
			);
			productRefGroup = C93DDB4F283DCB8E00D0EB55 /* Products */;
			projectDirPath = "";
			projectRoot = "";
			targets = (
				C93DDB4D283DCB8E00D0EB55 /* SwiftWeather */,
			);
		};
/* End PBXProject section */

/* Begin PBXResourcesBuildPhase section */
		C93DDB4C283DCB8E00D0EB55 /* Resources */ = {
			isa = PBXResourcesBuildPhase;
			buildActionMask = 2147483647;
			files = (
				C93DDB5E283DCB8F00D0EB55 /* LaunchScreen.storyboard in Resources */,
				C93DDB5B283DCB8F00D0EB55 /* Assets.xcassets in Resources */,
				C93DDB59283DCB8E00D0EB55 /* Main.storyboard in Resources */,
			);
			runOnlyForDeploymentPostprocessing = 0;
		};
/* End PBXResourcesBuildPhase section */

/* Begin PBXSourcesBuildPhase section */
		C93DDB4A283DCB8E00D0EB55 /* Sources */ = {
			isa = PBXSourcesBuildPhase;
			buildActionMask = 2147483647;
			files = (
				C93DDB56283DCB8E00D0EB55 /* ForecastViewController.swift in Sources */,
				C92ACBD3283FD258007DCC6A /* UIImageViewExtended.swift in Sources */,
				C93DDB79283DDA5200D0EB55 /* APIClient.swift in Sources */,
				C93DDB52283DCB8E00D0EB55 /* AppDelegate.swift in Sources */,
				C9F7F2EF283EA771008D5F8D /* WeatherItem.swift in Sources */,
				C9EC7AF4283FB7FD00BEE13D /* LocationCell.swift in Sources */,
				C9EC7AE9283EF8DE00BEE13D /* ForecastCell.swift in Sources */,
				C93DDB6E283DCD1000D0EB55 /* ForecastItem.swift in Sources */,
				C9EC7AED283F051800BEE13D /* LocationService.swift in Sources */,
				C9EC7AF2283F0B8200BEE13D /* LocationViewController.swift in Sources */,
				C92ACBD0283FCBDB007DCC6A /* AlertBuilder.swift in Sources */,
				C93DDB54283DCB8E00D0EB55 /* SceneDelegate.swift in Sources */,
				C92ACBD5283FD3AC007DCC6A /* WeatherDetail.swift in Sources */,
				C9EC7AEB283F03C400BEE13D /* DateUtils.swift in Sources */,
				C93DDB76283DD4B200D0EB55 /* WeatherService.swift in Sources */,
				C9EC7AEF283F054400BEE13D /* Location.swift in Sources */,
				C93DDB70283DD28600D0EB55 /* Forecast.swift in Sources */,
			);
			runOnlyForDeploymentPostprocessing = 0;
		};
/* End PBXSourcesBuildPhase section */

/* Begin PBXVariantGroup section */
		C93DDB57283DCB8E00D0EB55 /* Main.storyboard */ = {
			isa = PBXVariantGroup;
			children = (
				C93DDB58283DCB8E00D0EB55 /* Base */,
			);
			name = Main.storyboard;
			sourceTree = "<group>";
		};
		C93DDB5C283DCB8F00D0EB55 /* LaunchScreen.storyboard */ = {
			isa = PBXVariantGroup;
			children = (
				C93DDB5D283DCB8F00D0EB55 /* Base */,
			);
			name = LaunchScreen.storyboard;
			sourceTree = "<group>";
		};
/* End PBXVariantGroup section */

/* Begin XCBuildConfiguration section */
		C93DDB60283DCB8F00D0EB55 /* Debug */ = {
			isa = XCBuildConfiguration;
			baseConfigurationReference = C9EC7AF6283FC49700BEE13D /* APIConfig.xcconfig */;
			buildSettings = {
				ALWAYS_SEARCH_USER_PATHS = NO;
				CLANG_ANALYZER_NONNULL = YES;
				CLANG_ANALYZER_NUMBER_OBJECT_CONVERSION = YES_AGGRESSIVE;
				CLANG_CXX_LANGUAGE_STANDARD = "gnu++17";
				CLANG_ENABLE_MODULES = YES;
				CLANG_ENABLE_OBJC_ARC = YES;
				CLANG_ENABLE_OBJC_WEAK = YES;
				CLANG_WARN_BLOCK_CAPTURE_AUTORELEASING = YES;
				CLANG_WARN_BOOL_CONVERSION = YES;
				CLANG_WARN_COMMA = YES;
				CLANG_WARN_CONSTANT_CONVERSION = YES;
				CLANG_WARN_DEPRECATED_OBJC_IMPLEMENTATIONS = YES;
				CLANG_WARN_DIRECT_OBJC_ISA_USAGE = YES_ERROR;
				CLANG_WARN_DOCUMENTATION_COMMENTS = YES;
				CLANG_WARN_EMPTY_BODY = YES;
				CLANG_WARN_ENUM_CONVERSION = YES;
				CLANG_WARN_INFINITE_RECURSION = YES;
				CLANG_WARN_INT_CONVERSION = YES;
				CLANG_WARN_NON_LITERAL_NULL_CONVERSION = YES;
				CLANG_WARN_OBJC_IMPLICIT_RETAIN_SELF = YES;
				CLANG_WARN_OBJC_LITERAL_CONVERSION = YES;
				CLANG_WARN_OBJC_ROOT_CLASS = YES_ERROR;
				CLANG_WARN_QUOTED_INCLUDE_IN_FRAMEWORK_HEADER = YES;
				CLANG_WARN_RANGE_LOOP_ANALYSIS = YES;
				CLANG_WARN_STRICT_PROTOTYPES = YES;
				CLANG_WARN_SUSPICIOUS_MOVE = YES;
				CLANG_WARN_UNGUARDED_AVAILABILITY = YES_AGGRESSIVE;
				CLANG_WARN_UNREACHABLE_CODE = YES;
				CLANG_WARN__DUPLICATE_METHOD_MATCH = YES;
				COPY_PHASE_STRIP = NO;
				DEBUG_INFORMATION_FORMAT = dwarf;
				ENABLE_STRICT_OBJC_MSGSEND = YES;
				ENABLE_TESTABILITY = YES;
				GCC_C_LANGUAGE_STANDARD = gnu11;
				GCC_DYNAMIC_NO_PIC = NO;
				GCC_NO_COMMON_BLOCKS = YES;
				GCC_OPTIMIZATION_LEVEL = 0;
				GCC_PREPROCESSOR_DEFINITIONS = (
					"DEBUG=1",
					"$(inherited)",
				);
				GCC_WARN_64_TO_32_BIT_CONVERSION = YES;
				GCC_WARN_ABOUT_RETURN_TYPE = YES_ERROR;
				GCC_WARN_UNDECLARED_SELECTOR = YES;
				GCC_WARN_UNINITIALIZED_AUTOS = YES_AGGRESSIVE;
				GCC_WARN_UNUSED_FUNCTION = YES;
				GCC_WARN_UNUSED_VARIABLE = YES;
				IPHONEOS_DEPLOYMENT_TARGET = 15.5;
				MTL_ENABLE_DEBUG_INFO = INCLUDE_SOURCE;
				MTL_FAST_MATH = YES;
				ONLY_ACTIVE_ARCH = YES;
				SDKROOT = iphoneos;
				SWIFT_ACTIVE_COMPILATION_CONDITIONS = DEBUG;
				SWIFT_OPTIMIZATION_LEVEL = "-Onone";
			};
			name = Debug;
		};
		C93DDB61283DCB8F00D0EB55 /* Release */ = {
			isa = XCBuildConfiguration;
			baseConfigurationReference = C9EC7AF6283FC49700BEE13D /* APIConfig.xcconfig */;
			buildSettings = {
				ALWAYS_SEARCH_USER_PATHS = NO;
				CLANG_ANALYZER_NONNULL = YES;
				CLANG_ANALYZER_NUMBER_OBJECT_CONVERSION = YES_AGGRESSIVE;
				CLANG_CXX_LANGUAGE_STANDARD = "gnu++17";
				CLANG_ENABLE_MODULES = YES;
				CLANG_ENABLE_OBJC_ARC = YES;
				CLANG_ENABLE_OBJC_WEAK = YES;
				CLANG_WARN_BLOCK_CAPTURE_AUTORELEASING = YES;
				CLANG_WARN_BOOL_CONVERSION = YES;
				CLANG_WARN_COMMA = YES;
				CLANG_WARN_CONSTANT_CONVERSION = YES;
				CLANG_WARN_DEPRECATED_OBJC_IMPLEMENTATIONS = YES;
				CLANG_WARN_DIRECT_OBJC_ISA_USAGE = YES_ERROR;
				CLANG_WARN_DOCUMENTATION_COMMENTS = YES;
				CLANG_WARN_EMPTY_BODY = YES;
				CLANG_WARN_ENUM_CONVERSION = YES;
				CLANG_WARN_INFINITE_RECURSION = YES;
				CLANG_WARN_INT_CONVERSION = YES;
				CLANG_WARN_NON_LITERAL_NULL_CONVERSION = YES;
				CLANG_WARN_OBJC_IMPLICIT_RETAIN_SELF = YES;
				CLANG_WARN_OBJC_LITERAL_CONVERSION = YES;
				CLANG_WARN_OBJC_ROOT_CLASS = YES_ERROR;
				CLANG_WARN_QUOTED_INCLUDE_IN_FRAMEWORK_HEADER = YES;
				CLANG_WARN_RANGE_LOOP_ANALYSIS = YES;
				CLANG_WARN_STRICT_PROTOTYPES = YES;
				CLANG_WARN_SUSPICIOUS_MOVE = YES;
				CLANG_WARN_UNGUARDED_AVAILABILITY = YES_AGGRESSIVE;
				CLANG_WARN_UNREACHABLE_CODE = YES;
				CLANG_WARN__DUPLICATE_METHOD_MATCH = YES;
				COPY_PHASE_STRIP = NO;
				DEBUG_INFORMATION_FORMAT = "dwarf-with-dsym";
				ENABLE_NS_ASSERTIONS = NO;
				ENABLE_STRICT_OBJC_MSGSEND = YES;
				GCC_C_LANGUAGE_STANDARD = gnu11;
				GCC_NO_COMMON_BLOCKS = YES;
				GCC_WARN_64_TO_32_BIT_CONVERSION = YES;
				GCC_WARN_ABOUT_RETURN_TYPE = YES_ERROR;
				GCC_WARN_UNDECLARED_SELECTOR = YES;
				GCC_WARN_UNINITIALIZED_AUTOS = YES_AGGRESSIVE;
				GCC_WARN_UNUSED_FUNCTION = YES;
				GCC_WARN_UNUSED_VARIABLE = YES;
				IPHONEOS_DEPLOYMENT_TARGET = 15.5;
				MTL_ENABLE_DEBUG_INFO = NO;
				MTL_FAST_MATH = YES;
				SDKROOT = iphoneos;
				SWIFT_COMPILATION_MODE = wholemodule;
				SWIFT_OPTIMIZATION_LEVEL = "-O";
				VALIDATE_PRODUCT = YES;
			};
			name = Release;
		};
		C93DDB63283DCB8F00D0EB55 /* Debug */ = {
			isa = XCBuildConfiguration;
			buildSettings = {
				ASSETCATALOG_COMPILER_APPICON_NAME = AppIcon;
				ASSETCATALOG_COMPILER_GLOBAL_ACCENT_COLOR_NAME = AccentColor;
				CODE_SIGN_STYLE = Automatic;
				CURRENT_PROJECT_VERSION = 1;
				DEVELOPMENT_TEAM = C8C566Z579;
				GENERATE_INFOPLIST_FILE = YES;
				INFOPLIST_FILE = SwiftWeather/Info.plist;
				INFOPLIST_KEY_UIApplicationSupportsIndirectInputEvents = YES;
				INFOPLIST_KEY_UILaunchStoryboardName = LaunchScreen;
				INFOPLIST_KEY_UIMainStoryboardFile = Main;
				INFOPLIST_KEY_UISupportedInterfaceOrientations_iPad = "UIInterfaceOrientationPortrait UIInterfaceOrientationPortraitUpsideDown UIInterfaceOrientationLandscapeLeft UIInterfaceOrientationLandscapeRight";
				INFOPLIST_KEY_UISupportedInterfaceOrientations_iPhone = "UIInterfaceOrientationPortrait UIInterfaceOrientationLandscapeLeft UIInterfaceOrientationLandscapeRight";
				LD_RUNPATH_SEARCH_PATHS = (
					"$(inherited)",
					"@executable_path/Frameworks",
				);
				MARKETING_VERSION = 1.0;
				PRODUCT_BUNDLE_IDENTIFIER = weslcld.com.SwiftWeather;
				PRODUCT_NAME = "$(TARGET_NAME)";
				SWIFT_EMIT_LOC_STRINGS = YES;
				SWIFT_VERSION = 5.0;
				TARGETED_DEVICE_FAMILY = "1,2";
			};
			name = Debug;
		};
		C93DDB64283DCB8F00D0EB55 /* Release */ = {
			isa = XCBuildConfiguration;
			buildSettings = {
				ASSETCATALOG_COMPILER_APPICON_NAME = AppIcon;
				ASSETCATALOG_COMPILER_GLOBAL_ACCENT_COLOR_NAME = AccentColor;
				CODE_SIGN_STYLE = Automatic;
				CURRENT_PROJECT_VERSION = 1;
				DEVELOPMENT_TEAM = C8C566Z579;
				GENERATE_INFOPLIST_FILE = YES;
				INFOPLIST_FILE = SwiftWeather/Info.plist;
				INFOPLIST_KEY_UIApplicationSupportsIndirectInputEvents = YES;
				INFOPLIST_KEY_UILaunchStoryboardName = LaunchScreen;
				INFOPLIST_KEY_UIMainStoryboardFile = Main;
				INFOPLIST_KEY_UISupportedInterfaceOrientations_iPad = "UIInterfaceOrientationPortrait UIInterfaceOrientationPortraitUpsideDown UIInterfaceOrientationLandscapeLeft UIInterfaceOrientationLandscapeRight";
				INFOPLIST_KEY_UISupportedInterfaceOrientations_iPhone = "UIInterfaceOrientationPortrait UIInterfaceOrientationLandscapeLeft UIInterfaceOrientationLandscapeRight";
				LD_RUNPATH_SEARCH_PATHS = (
					"$(inherited)",
					"@executable_path/Frameworks",
				);
				MARKETING_VERSION = 1.0;
				PRODUCT_BUNDLE_IDENTIFIER = weslcld.com.SwiftWeather;
				PRODUCT_NAME = "$(TARGET_NAME)";
				SWIFT_EMIT_LOC_STRINGS = YES;
				SWIFT_VERSION = 5.0;
				TARGETED_DEVICE_FAMILY = "1,2";
			};
			name = Release;
		};
/* End XCBuildConfiguration section */

/* Begin XCConfigurationList section */
		C93DDB49283DCB8E00D0EB55 /* Build configuration list for PBXProject "SwiftWeather" */ = {
			isa = XCConfigurationList;
			buildConfigurations = (
				C93DDB60283DCB8F00D0EB55 /* Debug */,
				C93DDB61283DCB8F00D0EB55 /* Release */,
			);
			defaultConfigurationIsVisible = 0;
			defaultConfigurationName = Release;
		};
		C93DDB62283DCB8F00D0EB55 /* Build configuration list for PBXNativeTarget "SwiftWeather" */ = {
			isa = XCConfigurationList;
			buildConfigurations = (
				C93DDB63283DCB8F00D0EB55 /* Debug */,
				C93DDB64283DCB8F00D0EB55 /* Release */,
			);
			defaultConfigurationIsVisible = 0;
			defaultConfigurationName = Release;
		};
/* End XCConfigurationList section */
	};
	rootObject = C93DDB46283DCB8E00D0EB55 /* Project object */;
}
